
Microsoft Visual Studio Solution File, Format Version 12.00
# Visual Studio Version 16
VisualStudioVersion = 16.0.29920.165
MinimumVisualStudioVersion = 10.0.40219.1
Project("{9A19103F-16F7-4668-BE54-9A1E7A4F7556}") = "FQCS.Admin", "FQCS.Admin\FQCS.Admin.csproj", "{2333DEED-BC2B-449C-B5E6-3924BE317F34}"
EndProject
Project("{9A19103F-16F7-4668-BE54-9A1E7A4F7556}") = "FQCS.Admin.Data", "FQCS.Admin.Data\FQCS.Admin.Data.csproj", "{C0C2B29E-B1C4-487C-9D84-25B1A6804480}"
EndProject
Project("{9A19103F-16F7-4668-BE54-9A1E7A4F7556}") = "FQCS.Admin.Business", "FQCS.Admin.Business\FQCS.Admin.Business.csproj", "{8124B5C8-C125-46A3-B8F3-61238A9DAE79}"
EndProject
Project("{9A19103F-16F7-4668-BE54-9A1E7A4F7556}") = "FQCS.Admin.ConsoleClient", "FQCS.Admin.ConsoleClient\FQCS.Admin.ConsoleClient.csproj", "{0D1CC56F-4882-4B39-891F-01A263CBCEAE}"
EndProject
Project("{9A19103F-16F7-4668-BE54-9A1E7A4F7556}") = "FQCS.Admin.WebApi", "FQCS.Admin.WebApi\FQCS.Admin.WebApi.csproj", "{187876E3-D2A2-4170-A4D8-C1FD93D507BC}"
EndProject
Project("{9A19103F-16F7-4668-BE54-9A1E7A4F7556}") = "FQCS.Admin.WebAdmin", "FQCS.Admin.WebAdmin\FQCS.Admin.WebAdmin.csproj", "{9805FCA5-2E88-4F27-B60A-21F4A37E00D5}"
EndProject
Global
	GlobalSection(SolutionConfigurationPlatforms) = preSolution
		Debug|Any CPU = Debug|Any CPU
		Release|Any CPU = Release|Any CPU
	EndGlobalSection
	GlobalSection(ProjectConfigurationPlatforms) = postSolution
		{2333DEED-BC2B-449C-B5E6-3924BE317F34}.Debug|Any CPU.ActiveCfg = Debug|Any CPU
		{2333DEED-BC2B-449C-B5E6-3924BE317F34}.Debug|Any CPU.Build.0 = Debug|Any CPU
		{2333DEED-BC2B-449C-B5E6-3924BE317F34}.Release|Any CPU.ActiveCfg = Release|Any CPU
		{2333DEED-BC2B-449C-B5E6-3924BE317F34}.Release|Any CPU.Build.0 = Release|Any CPU
		{C0C2B29E-B1C4-487C-9D84-25B1A6804480}.Debug|Any CPU.ActiveCfg = Debug|Any CPU
		{C0C2B29E-B1C4-487C-9D84-25B1A6804480}.Debug|Any CPU.Build.0 = Debug|Any CPU
		{C0C2B29E-B1C4-487C-9D84-25B1A6804480}.Release|Any CPU.ActiveCfg = Release|Any CPU
		{C0C2B29E-B1C4-487C-9D84-25B1A6804480}.Release|Any CPU.Build.0 = Release|Any CPU
		{8124B5C8-C125-46A3-B8F3-61238A9DAE79}.Debug|Any CPU.ActiveCfg = Debug|Any CPU
		{8124B5C8-C125-46A3-B8F3-61238A9DAE79}.Debug|Any CPU.Build.0 = Debug|Any CPU
		{8124B5C8-C125-46A3-B8F3-61238A9DAE79}.Release|Any CPU.ActiveCfg = Release|Any CPU
		{8124B5C8-C125-46A3-B8F3-61238A9DAE79}.Release|Any CPU.Build.0 = Release|Any CPU
		{0D1CC56F-4882-4B39-891F-01A263CBCEAE}.Debug|Any CPU.ActiveCfg = Debug|Any CPU
		{0D1CC56F-4882-4B39-891F-01A263CBCEAE}.Debug|Any CPU.Build.0 = Debug|Any CPU
		{0D1CC56F-4882-4B39-891F-01A263CBCEAE}.Release|Any CPU.ActiveCfg = Release|Any CPU
		{0D1CC56F-4882-4B39-891F-01A263CBCEAE}.Release|Any CPU.Build.0 = Release|Any CPU
		{187876E3-D2A2-4170-A4D8-C1FD93D507BC}.Debug|Any CPU.ActiveCfg = Debug|Any CPU
		{187876E3-D2A2-4170-A4D8-C1FD93D507BC}.Debug|Any CPU.Build.0 = Debug|Any CPU
		{187876E3-D2A2-4170-A4D8-C1FD93D507BC}.Release|Any CPU.ActiveCfg = Release|Any CPU
		{187876E3-D2A2-4170-A4D8-C1FD93D507BC}.Release|Any CPU.Build.0 = Release|Any CPU
		{9805FCA5-2E88-4F27-B60A-21F4A37E00D5}.Debug|Any CPU.ActiveCfg = Debug|Any CPU
		{9805FCA5-2E88-4F27-B60A-21F4A37E00D5}.Debug|Any CPU.Build.0 = Debug|Any CPU
		{9805FCA5-2E88-4F27-B60A-21F4A37E00D5}.Release|Any CPU.ActiveCfg = Release|Any CPU
		{9805FCA5-2E88-4F27-B60A-21F4A37E00D5}.Release|Any CPU.Build.0 = Release|Any CPU
	EndGlobalSection
	GlobalSection(SolutionProperties) = preSolution
		HideSolutionNode = FALSE
	EndGlobalSection
	GlobalSection(ExtensibilityGlobals) = postSolution
		SolutionGuid = {0B6C6BF3-B918-49B0-8F44-38F9458838EC}
	EndGlobalSection
EndGlobal
